
Microsoft Visual Studio Solution File, Format Version 12.00
# Visual Studio 15
VisualStudioVersion = 15.0.28010.2036
MinimumVisualStudioVersion = 10.0.40219.1
Project("{FAE04EC0-301F-11D3-BF4B-00C04F79EFBC}") = "ContactUsService", "ContactUsService\ContactUsService.csproj", "{F061AD32-06FA-497E-ADB5-1B163618CBB4}"
EndProject
Project("{FAE04EC0-301F-11D3-BF4B-00C04F79EFBC}") = "ContactUsService.Tests", "ContactUsService.Tests\ContactUsService.Tests.csproj", "{8DFE56EE-08BC-4FED-A8BC-12AF3C1056AE}"
EndProject
Global
	GlobalSection(SolutionConfigurationPlatforms) = preSolution
		Debug|Any CPU = Debug|Any CPU
		Release|Any CPU = Release|Any CPU
	EndGlobalSection
	GlobalSection(ProjectConfigurationPlatforms) = postSolution
		{F061AD32-06FA-497E-ADB5-1B163618CBB4}.Debug|Any CPU.ActiveCfg = Debug|Any CPU
		{F061AD32-06FA-497E-ADB5-1B163618CBB4}.Debug|Any CPU.Build.0 = Debug|Any CPU
		{F061AD32-06FA-497E-ADB5-1B163618CBB4}.Release|Any CPU.ActiveCfg = Release|Any CPU
		{F061AD32-06FA-497E-ADB5-1B163618CBB4}.Release|Any CPU.Build.0 = Release|Any CPU
		{8DFE56EE-08BC-4FED-A8BC-12AF3C1056AE}.Debug|Any CPU.ActiveCfg = Debug|Any CPU
		{8DFE56EE-08BC-4FED-A8BC-12AF3C1056AE}.Debug|Any CPU.Build.0 = Debug|Any CPU
		{8DFE56EE-08BC-4FED-A8BC-12AF3C1056AE}.Release|Any CPU.ActiveCfg = Release|Any CPU
		{8DFE56EE-08BC-4FED-A8BC-12AF3C1056AE}.Release|Any CPU.Build.0 = Release|Any CPU
	EndGlobalSection
	GlobalSection(SolutionProperties) = preSolution
		HideSolutionNode = FALSE
	EndGlobalSection
	GlobalSection(ExtensibilityGlobals) = postSolution
		SolutionGuid = {40C5393F-1028-4204-BB68-C81BA70CEFF5}
	EndGlobalSection
EndGlobal
